
Microsoft Visual Studio Solution File, Format Version 12.00
Project("{FAE04EC0-301F-11D3-BF4B-00C04F79EFBC}") = "TicTacToe", "TicTacToe\TicTacToe.csproj", "{81F6A5D9-254C-41B2-ADD9-535E65F9E1E9}"
EndProject
Project("{FAE04EC0-301F-11D3-BF4B-00C04F79EFBC}") = "TicTacToe.Test", "TicTacToe.Test\TicTacToe.Test.csproj", "{FAB56595-ABF3-4F88-807C-71598651987B}"
EndProject
Global
	GlobalSection(SolutionConfigurationPlatforms) = preSolution
		Debug|Any CPU = Debug|Any CPU
		Release|Any CPU = Release|Any CPU
	EndGlobalSection
	GlobalSection(ProjectConfigurationPlatforms) = postSolution
		{81F6A5D9-254C-41B2-ADD9-535E65F9E1E9}.Debug|Any CPU.ActiveCfg = Debug|Any CPU
		{81F6A5D9-254C-41B2-ADD9-535E65F9E1E9}.Debug|Any CPU.Build.0 = Debug|Any CPU
		{81F6A5D9-254C-41B2-ADD9-535E65F9E1E9}.Release|Any CPU.ActiveCfg = Release|Any CPU
		{81F6A5D9-254C-41B2-ADD9-535E65F9E1E9}.Release|Any CPU.Build.0 = Release|Any CPU
		{FAB56595-ABF3-4F88-807C-71598651987B}.Debug|Any CPU.ActiveCfg = Debug|Any CPU
		{FAB56595-ABF3-4F88-807C-71598651987B}.Debug|Any CPU.Build.0 = Debug|Any CPU
		{FAB56595-ABF3-4F88-807C-71598651987B}.Release|Any CPU.ActiveCfg = Release|Any CPU
		{FAB56595-ABF3-4F88-807C-71598651987B}.Release|Any CPU.Build.0 = Release|Any CPU
	EndGlobalSection
EndGlobal
